// !$*UTF8*$!
{
	archiveVersion = 1;
	classes = {
	};
	objectVersion = 56;
	objects = {

/* Begin PBXBuildFile section */
		588807762B9B7AA7006B3E8F /* NameInput.swift in Sources */ = {isa = PBXBuildFile; fileRef = 588807752B9B7AA7006B3E8F /* NameInput.swift */; };
		589EB3B62B943B8B00AAF058 /* interactive_card_details_form_mainApp.swift in Sources */ = {isa = PBXBuildFile; fileRef = 589EB3B52B943B8B00AAF058 /* interactive_card_details_form_mainApp.swift */; };
		589EB3B82B943B8B00AAF058 /* ContentView.swift in Sources */ = {isa = PBXBuildFile; fileRef = 589EB3B72B943B8B00AAF058 /* ContentView.swift */; };
		589EB3BA2B943B8D00AAF058 /* Assets.xcassets in Resources */ = {isa = PBXBuildFile; fileRef = 589EB3B92B943B8D00AAF058 /* Assets.xcassets */; };
		589EB3BD2B943B8D00AAF058 /* Preview Assets.xcassets in Resources */ = {isa = PBXBuildFile; fileRef = 589EB3BC2B943B8D00AAF058 /* Preview Assets.xcassets */; };
		589EB3C42B943E2300AAF058 /* SpaceGrotesk-Medium.ttf in Resources */ = {isa = PBXBuildFile; fileRef = 589EB3C32B943E2200AAF058 /* SpaceGrotesk-Medium.ttf */; };
		58FBDBD22B9F7D73009277D4 /* CardNumberInput.swift in Sources */ = {isa = PBXBuildFile; fileRef = 58FBDBD12B9F7D73009277D4 /* CardNumberInput.swift */; };
		58FBDBD42B9F845F009277D4 /* ExpDateInput.swift in Sources */ = {isa = PBXBuildFile; fileRef = 58FBDBD32B9F845F009277D4 /* ExpDateInput.swift */; };
		58FBDBD62B9F873F009277D4 /* CvcInput.swift in Sources */ = {isa = PBXBuildFile; fileRef = 58FBDBD52B9F873F009277D4 /* CvcInput.swift */; };
		58FBDBD82B9F8C43009277D4 /* SuccessPage.swift in Sources */ = {isa = PBXBuildFile; fileRef = 58FBDBD72B9F8C43009277D4 /* SuccessPage.swift */; };
		58FBDBDA2BA01567009277D4 /* CardsMainView.swift in Sources */ = {isa = PBXBuildFile; fileRef = 58FBDBD92BA01567009277D4 /* CardsMainView.swift */; };
/* End PBXBuildFile section */

/* Begin PBXFileReference section */
		588807752B9B7AA7006B3E8F /* NameInput.swift */ = {isa = PBXFileReference; lastKnownFileType = sourcecode.swift; path = NameInput.swift; sourceTree = "<group>"; };
		589EB3B22B943B8B00AAF058 /* interactive-card-details-form-main.app */ = {isa = PBXFileReference; explicitFileType = wrapper.application; includeInIndex = 0; path = "interactive-card-details-form-main.app"; sourceTree = BUILT_PRODUCTS_DIR; };
		589EB3B52B943B8B00AAF058 /* interactive_card_details_form_mainApp.swift */ = {isa = PBXFileReference; lastKnownFileType = sourcecode.swift; path = interactive_card_details_form_mainApp.swift; sourceTree = "<group>"; };
		589EB3B72B943B8B00AAF058 /* ContentView.swift */ = {isa = PBXFileReference; lastKnownFileType = sourcecode.swift; path = ContentView.swift; sourceTree = "<group>"; };
		589EB3B92B943B8D00AAF058 /* Assets.xcassets */ = {isa = PBXFileReference; lastKnownFileType = folder.assetcatalog; path = Assets.xcassets; sourceTree = "<group>"; };
		589EB3BC2B943B8D00AAF058 /* Preview Assets.xcassets */ = {isa = PBXFileReference; lastKnownFileType = folder.assetcatalog; path = "Preview Assets.xcassets"; sourceTree = "<group>"; };
		589EB3C32B943E2200AAF058 /* SpaceGrotesk-Medium.ttf */ = {isa = PBXFileReference; lastKnownFileType = file; path = "SpaceGrotesk-Medium.ttf"; sourceTree = "<group>"; };
		589EB3C62B943E3B00AAF058 /* Info.plist */ = {isa = PBXFileReference; lastKnownFileType = text.plist; path = Info.plist; sourceTree = "<group>"; };
		58FBDBD12B9F7D73009277D4 /* CardNumberInput.swift */ = {isa = PBXFileReference; lastKnownFileType = sourcecode.swift; path = CardNumberInput.swift; sourceTree = "<group>"; };
		58FBDBD32B9F845F009277D4 /* ExpDateInput.swift */ = {isa = PBXFileReference; lastKnownFileType = sourcecode.swift; path = ExpDateInput.swift; sourceTree = "<group>"; };
		58FBDBD52B9F873F009277D4 /* CvcInput.swift */ = {isa = PBXFileReference; lastKnownFileType = sourcecode.swift; path = CvcInput.swift; sourceTree = "<group>"; };
		58FBDBD72B9F8C43009277D4 /* SuccessPage.swift */ = {isa = PBXFileReference; lastKnownFileType = sourcecode.swift; path = SuccessPage.swift; sourceTree = "<group>"; };
		58FBDBD92BA01567009277D4 /* CardsMainView.swift */ = {isa = PBXFileReference; lastKnownFileType = sourcecode.swift; path = CardsMainView.swift; sourceTree = "<group>"; };
/* End PBXFileReference section */

/* Begin PBXFrameworksBuildPhase section */
		589EB3AF2B943B8B00AAF058 /* Frameworks */ = {
			isa = PBXFrameworksBuildPhase;
			buildActionMask = 2147483647;
			files = (
			);
			runOnlyForDeploymentPostprocessing = 0;
		};
/* End PBXFrameworksBuildPhase section */

/* Begin PBXGroup section */
		588807742B9B7A3A006B3E8F /* Views */ = {
			isa = PBXGroup;
			children = (
				588807752B9B7AA7006B3E8F /* NameInput.swift */,
				58FBDBD12B9F7D73009277D4 /* CardNumberInput.swift */,
				58FBDBD32B9F845F009277D4 /* ExpDateInput.swift */,
				58FBDBD52B9F873F009277D4 /* CvcInput.swift */,
				58FBDBD72B9F8C43009277D4 /* SuccessPage.swift */,
				58FBDBD92BA01567009277D4 /* CardsMainView.swift */,
			);
			path = Views;
			sourceTree = "<group>";
		};
		589EB3A92B943B8B00AAF058 = {
			isa = PBXGroup;
			children = (
				589EB3B42B943B8B00AAF058 /* interactive-card-details-form-main */,
				589EB3B32B943B8B00AAF058 /* Products */,
			);
			sourceTree = "<group>";
		};
		589EB3B32B943B8B00AAF058 /* Products */ = {
			isa = PBXGroup;
			children = (
				589EB3B22B943B8B00AAF058 /* interactive-card-details-form-main.app */,
			);
			name = Products;
			sourceTree = "<group>";
		};
		589EB3B42B943B8B00AAF058 /* interactive-card-details-form-main */ = {
			isa = PBXGroup;
			children = (
				589EB3C62B943E3B00AAF058 /* Info.plist */,
				588807742B9B7A3A006B3E8F /* Views */,
				589EB3C52B943E2A00AAF058 /* Fonts */,
				589EB3B52B943B8B00AAF058 /* interactive_card_details_form_mainApp.swift */,
				589EB3B72B943B8B00AAF058 /* ContentView.swift */,
				589EB3B92B943B8D00AAF058 /* Assets.xcassets */,
				589EB3BB2B943B8D00AAF058 /* Preview Content */,
			);
			path = "interactive-card-details-form-main";
			sourceTree = "<group>";
		};
		589EB3BB2B943B8D00AAF058 /* Preview Content */ = {
			isa = PBXGroup;
			children = (
				589EB3BC2B943B8D00AAF058 /* Preview Assets.xcassets */,
			);
			path = "Preview Content";
			sourceTree = "<group>";
		};
		589EB3C52B943E2A00AAF058 /* Fonts */ = {
			isa = PBXGroup;
			children = (
				589EB3C32B943E2200AAF058 /* SpaceGrotesk-Medium.ttf */,
			);
			path = Fonts;
			sourceTree = "<group>";
		};
/* End PBXGroup section */

/* Begin PBXNativeTarget section */
		589EB3B12B943B8B00AAF058 /* interactive-card-details-form-main */ = {
			isa = PBXNativeTarget;
			buildConfigurationList = 589EB3C02B943B8D00AAF058 /* Build configuration list for PBXNativeTarget "interactive-card-details-form-main" */;
			buildPhases = (
				589EB3AE2B943B8B00AAF058 /* Sources */,
				589EB3AF2B943B8B00AAF058 /* Frameworks */,
				589EB3B02B943B8B00AAF058 /* Resources */,
			);
			buildRules = (
			);
			dependencies = (
			);
			name = "interactive-card-details-form-main";
			productName = "interactive-card-details-form-main";
			productReference = 589EB3B22B943B8B00AAF058 /* interactive-card-details-form-main.app */;
			productType = "com.apple.product-type.application";
		};
/* End PBXNativeTarget section */

/* Begin PBXProject section */
		589EB3AA2B943B8B00AAF058 /* Project object */ = {
			isa = PBXProject;
			attributes = {
				BuildIndependentTargetsInParallel = 1;
				LastSwiftUpdateCheck = 1420;
				LastUpgradeCheck = 1420;
				TargetAttributes = {
					589EB3B12B943B8B00AAF058 = {
						CreatedOnToolsVersion = 14.2;
					};
				};
			};
			buildConfigurationList = 589EB3AD2B943B8B00AAF058 /* Build configuration list for PBXProject "interactive-card-details-form-main" */;
			compatibilityVersion = "Xcode 14.0";
			developmentRegion = en;
			hasScannedForEncodings = 0;
			knownRegions = (
				en,
				Base,
			);
			mainGroup = 589EB3A92B943B8B00AAF058;
			productRefGroup = 589EB3B32B943B8B00AAF058 /* Products */;
			projectDirPath = "";
			projectRoot = "";
			targets = (
				589EB3B12B943B8B00AAF058 /* interactive-card-details-form-main */,
			);
		};
/* End PBXProject section */

/* Begin PBXResourcesBuildPhase section */
		589EB3B02B943B8B00AAF058 /* Resources */ = {
			isa = PBXResourcesBuildPhase;
			buildActionMask = 2147483647;
			files = (
				589EB3BD2B943B8D00AAF058 /* Preview Assets.xcassets in Resources */,
				589EB3BA2B943B8D00AAF058 /* Assets.xcassets in Resources */,
				589EB3C42B943E2300AAF058 /* SpaceGrotesk-Medium.ttf in Resources */,
			);
			runOnlyForDeploymentPostprocessing = 0;
		};
/* End PBXResourcesBuildPhase section */

/* Begin PBXSourcesBuildPhase section */
		589EB3AE2B943B8B00AAF058 /* Sources */ = {
			isa = PBXSourcesBuildPhase;
			buildActionMask = 2147483647;
			files = (
				588807762B9B7AA7006B3E8F /* NameInput.swift in Sources */,
				589EB3B82B943B8B00AAF058 /* ContentView.swift in Sources */,
				58FBDBD82B9F8C43009277D4 /* SuccessPage.swift in Sources */,
				58FBDBDA2BA01567009277D4 /* CardsMainView.swift in Sources */,
				589EB3B62B943B8B00AAF058 /* interactive_card_details_form_mainApp.swift in Sources */,
				58FBDBD62B9F873F009277D4 /* CvcInput.swift in Sources */,
				58FBDBD42B9F845F009277D4 /* ExpDateInput.swift in Sources */,
				58FBDBD22B9F7D73009277D4 /* CardNumberInput.swift in Sources */,
			);
			runOnlyForDeploymentPostprocessing = 0;
		};
/* End PBXSourcesBuildPhase section */

/* Begin XCBuildConfiguration section */
		589EB3BE2B943B8D00AAF058 /* Debug */ = {
			isa = XCBuildConfiguration;
			buildSettings = {
				ALWAYS_SEARCH_USER_PATHS = NO;
				CLANG_ANALYZER_NONNULL = YES;
				CLANG_ANALYZER_NUMBER_OBJECT_CONVERSION = YES_AGGRESSIVE;
				CLANG_CXX_LANGUAGE_STANDARD = "gnu++20";
				CLANG_ENABLE_MODULES = YES;
				CLANG_ENABLE_OBJC_ARC = YES;
				CLANG_ENABLE_OBJC_WEAK = YES;
				CLANG_WARN_BLOCK_CAPTURE_AUTORELEASING = YES;
				CLANG_WARN_BOOL_CONVERSION = YES;
				CLANG_WARN_COMMA = YES;
				CLANG_WARN_CONSTANT_CONVERSION = YES;
				CLANG_WARN_DEPRECATED_OBJC_IMPLEMENTATIONS = YES;
				CLANG_WARN_DIRECT_OBJC_ISA_USAGE = YES_ERROR;
				CLANG_WARN_DOCUMENTATION_COMMENTS = YES;
				CLANG_WARN_EMPTY_BODY = YES;
				CLANG_WARN_ENUM_CONVERSION = YES;
				CLANG_WARN_INFINITE_RECURSION = YES;
				CLANG_WARN_INT_CONVERSION = YES;
				CLANG_WARN_NON_LITERAL_NULL_CONVERSION = YES;
				CLANG_WARN_OBJC_IMPLICIT_RETAIN_SELF = YES;
				CLANG_WARN_OBJC_LITERAL_CONVERSION = YES;
				CLANG_WARN_OBJC_ROOT_CLASS = YES_ERROR;
				CLANG_WARN_QUOTED_INCLUDE_IN_FRAMEWORK_HEADER = YES;
				CLANG_WARN_RANGE_LOOP_ANALYSIS = YES;
				CLANG_WARN_STRICT_PROTOTYPES = YES;
				CLANG_WARN_SUSPICIOUS_MOVE = YES;
				CLANG_WARN_UNGUARDED_AVAILABILITY = YES_AGGRESSIVE;
				CLANG_WARN_UNREACHABLE_CODE = YES;
				CLANG_WARN__DUPLICATE_METHOD_MATCH = YES;
				COPY_PHASE_STRIP = NO;
				DEBUG_INFORMATION_FORMAT = dwarf;
				ENABLE_STRICT_OBJC_MSGSEND = YES;
				ENABLE_TESTABILITY = YES;
				GCC_C_LANGUAGE_STANDARD = gnu11;
				GCC_DYNAMIC_NO_PIC = NO;
				GCC_NO_COMMON_BLOCKS = YES;
				GCC_OPTIMIZATION_LEVEL = 0;
				GCC_PREPROCESSOR_DEFINITIONS = (
					"DEBUG=1",
					"$(inherited)",
				);
				GCC_WARN_64_TO_32_BIT_CONVERSION = YES;
				GCC_WARN_ABOUT_RETURN_TYPE = YES_ERROR;
				GCC_WARN_UNDECLARED_SELECTOR = YES;
				GCC_WARN_UNINITIALIZED_AUTOS = YES_AGGRESSIVE;
				GCC_WARN_UNUSED_FUNCTION = YES;
				GCC_WARN_UNUSED_VARIABLE = YES;
				IPHONEOS_DEPLOYMENT_TARGET = 16.2;
				MTL_ENABLE_DEBUG_INFO = INCLUDE_SOURCE;
				MTL_FAST_MATH = YES;
				ONLY_ACTIVE_ARCH = YES;
				SDKROOT = iphoneos;
				SWIFT_ACTIVE_COMPILATION_CONDITIONS = DEBUG;
				SWIFT_OPTIMIZATION_LEVEL = "-Onone";
			};
			name = Debug;
		};
		589EB3BF2B943B8D00AAF058 /* Release */ = {
			isa = XCBuildConfiguration;
			buildSettings = {
				ALWAYS_SEARCH_USER_PATHS = NO;
				CLANG_ANALYZER_NONNULL = YES;
				CLANG_ANALYZER_NUMBER_OBJECT_CONVERSION = YES_AGGRESSIVE;
				CLANG_CXX_LANGUAGE_STANDARD = "gnu++20";
				CLANG_ENABLE_MODULES = YES;
				CLANG_ENABLE_OBJC_ARC = YES;
				CLANG_ENABLE_OBJC_WEAK = YES;
				CLANG_WARN_BLOCK_CAPTURE_AUTORELEASING = YES;
				CLANG_WARN_BOOL_CONVERSION = YES;
				CLANG_WARN_COMMA = YES;
				CLANG_WARN_CONSTANT_CONVERSION = YES;
				CLANG_WARN_DEPRECATED_OBJC_IMPLEMENTATIONS = YES;
				CLANG_WARN_DIRECT_OBJC_ISA_USAGE = YES_ERROR;
				CLANG_WARN_DOCUMENTATION_COMMENTS = YES;
				CLANG_WARN_EMPTY_BODY = YES;
				CLANG_WARN_ENUM_CONVERSION = YES;
				CLANG_WARN_INFINITE_RECURSION = YES;
				CLANG_WARN_INT_CONVERSION = YES;
				CLANG_WARN_NON_LITERAL_NULL_CONVERSION = YES;
				CLANG_WARN_OBJC_IMPLICIT_RETAIN_SELF = YES;
				CLANG_WARN_OBJC_LITERAL_CONVERSION = YES;
				CLANG_WARN_OBJC_ROOT_CLASS = YES_ERROR;
				CLANG_WARN_QUOTED_INCLUDE_IN_FRAMEWORK_HEADER = YES;
				CLANG_WARN_RANGE_LOOP_ANALYSIS = YES;
				CLANG_WARN_STRICT_PROTOTYPES = YES;
				CLANG_WARN_SUSPICIOUS_MOVE = YES;
				CLANG_WARN_UNGUARDED_AVAILABILITY = YES_AGGRESSIVE;
				CLANG_WARN_UNREACHABLE_CODE = YES;
				CLANG_WARN__DUPLICATE_METHOD_MATCH = YES;
				COPY_PHASE_STRIP = NO;
				DEBUG_INFORMATION_FORMAT = "dwarf-with-dsym";
				ENABLE_NS_ASSERTIONS = NO;
				ENABLE_STRICT_OBJC_MSGSEND = YES;
				GCC_C_LANGUAGE_STANDARD = gnu11;
				GCC_NO_COMMON_BLOCKS = YES;
				GCC_WARN_64_TO_32_BIT_CONVERSION = YES;
				GCC_WARN_ABOUT_RETURN_TYPE = YES_ERROR;
				GCC_WARN_UNDECLARED_SELECTOR = YES;
				GCC_WARN_UNINITIALIZED_AUTOS = YES_AGGRESSIVE;
				GCC_WARN_UNUSED_FUNCTION = YES;
				GCC_WARN_UNUSED_VARIABLE = YES;
				IPHONEOS_DEPLOYMENT_TARGET = 16.2;
				MTL_ENABLE_DEBUG_INFO = NO;
				MTL_FAST_MATH = YES;
				SDKROOT = iphoneos;
				SWIFT_COMPILATION_MODE = wholemodule;
				SWIFT_OPTIMIZATION_LEVEL = "-O";
				VALIDATE_PRODUCT = YES;
			};
			name = Release;
		};
		589EB3C12B943B8D00AAF058 /* Debug */ = {
			isa = XCBuildConfiguration;
			buildSettings = {
				ASSETCATALOG_COMPILER_APPICON_NAME = AppIcon;
				ASSETCATALOG_COMPILER_GLOBAL_ACCENT_COLOR_NAME = AccentColor;
				CODE_SIGN_STYLE = Automatic;
				CURRENT_PROJECT_VERSION = 1;
				DEVELOPMENT_ASSET_PATHS = "\"interactive-card-details-form-main/Preview Content\"";
				DEVELOPMENT_TEAM = H5MNUSUD85;
				ENABLE_PREVIEWS = YES;
				GENERATE_INFOPLIST_FILE = YES;
				INFOPLIST_FILE = "interactive-card-details-form-main/Info.plist";
				INFOPLIST_KEY_UIApplicationSceneManifest_Generation = YES;
				INFOPLIST_KEY_UIApplicationSupportsIndirectInputEvents = YES;
				INFOPLIST_KEY_UILaunchScreen_Generation = YES;
				INFOPLIST_KEY_UISupportedInterfaceOrientations_iPad = "UIInterfaceOrientationPortrait UIInterfaceOrientationPortraitUpsideDown UIInterfaceOrientationLandscapeLeft UIInterfaceOrientationLandscapeRight";
				INFOPLIST_KEY_UISupportedInterfaceOrientations_iPhone = "UIInterfaceOrientationPortrait UIInterfaceOrientationLandscapeLeft UIInterfaceOrientationLandscapeRight";
				LD_RUNPATH_SEARCH_PATHS = (
					"$(inherited)",
					"@executable_path/Frameworks",
				);
				MARKETING_VERSION = 1.0;
				PRODUCT_BUNDLE_IDENTIFIER = "com.Mfchm.interactive-card-details-form-main";
				PRODUCT_NAME = "$(TARGET_NAME)";
				SWIFT_EMIT_LOC_STRINGS = YES;
				SWIFT_VERSION = 5.0;
				TARGETED_DEVICE_FAMILY = "1,2";
			};
			name = Debug;
		};
		589EB3C22B943B8D00AAF058 /* Release */ = {
			isa = XCBuildConfiguration;
			buildSettings = {
				ASSETCATALOG_COMPILER_APPICON_NAME = AppIcon;
				ASSETCATALOG_COMPILER_GLOBAL_ACCENT_COLOR_NAME = AccentColor;
				CODE_SIGN_STYLE = Automatic;
				CURRENT_PROJECT_VERSION = 1;
				DEVELOPMENT_ASSET_PATHS = "\"interactive-card-details-form-main/Preview Content\"";
				DEVELOPMENT_TEAM = H5MNUSUD85;
				ENABLE_PREVIEWS = YES;
				GENERATE_INFOPLIST_FILE = YES;
				INFOPLIST_FILE = "interactive-card-details-form-main/Info.plist";
				INFOPLIST_KEY_UIApplicationSceneManifest_Generation = YES;
				INFOPLIST_KEY_UIApplicationSupportsIndirectInputEvents = YES;
				INFOPLIST_KEY_UILaunchScreen_Generation = YES;
				INFOPLIST_KEY_UISupportedInterfaceOrientations_iPad = "UIInterfaceOrientationPortrait UIInterfaceOrientationPortraitUpsideDown UIInterfaceOrientationLandscapeLeft UIInterfaceOrientationLandscapeRight";
				INFOPLIST_KEY_UISupportedInterfaceOrientations_iPhone = "UIInterfaceOrientationPortrait UIInterfaceOrientationLandscapeLeft UIInterfaceOrientationLandscapeRight";
				LD_RUNPATH_SEARCH_PATHS = (
					"$(inherited)",
					"@executable_path/Frameworks",
				);
				MARKETING_VERSION = 1.0;
				PRODUCT_BUNDLE_IDENTIFIER = "com.Mfchm.interactive-card-details-form-main";
				PRODUCT_NAME = "$(TARGET_NAME)";
				SWIFT_EMIT_LOC_STRINGS = YES;
				SWIFT_VERSION = 5.0;
				TARGETED_DEVICE_FAMILY = "1,2";
			};
			name = Release;
		};
/* End XCBuildConfiguration section */

/* Begin XCConfigurationList section */
		589EB3AD2B943B8B00AAF058 /* Build configuration list for PBXProject "interactive-card-details-form-main" */ = {
			isa = XCConfigurationList;
			buildConfigurations = (
				589EB3BE2B943B8D00AAF058 /* Debug */,
				589EB3BF2B943B8D00AAF058 /* Release */,
			);
			defaultConfigurationIsVisible = 0;
			defaultConfigurationName = Release;
		};
		589EB3C02B943B8D00AAF058 /* Build configuration list for PBXNativeTarget "interactive-card-details-form-main" */ = {
			isa = XCConfigurationList;
			buildConfigurations = (
				589EB3C12B943B8D00AAF058 /* Debug */,
				589EB3C22B943B8D00AAF058 /* Release */,
			);
			defaultConfigurationIsVisible = 0;
			defaultConfigurationName = Release;
		};
/* End XCConfigurationList section */
	};
	rootObject = 589EB3AA2B943B8B00AAF058 /* Project object */;
}
